
Microsoft Visual Studio Solution File, Format Version 12.00
# Visual Studio Version 17
VisualStudioVersion = 17.5.002.0
MinimumVisualStudioVersion = 10.0.40219.1
Project("{2150E333-8FDC-42A3-9474-1A3956D46DE8}") = "csharp-prep", "csharp-prep", "{11243BD8-8C9C-4D7D-B136-244F301DBE14}"
EndProject
Project("{9A19103F-16F7-4668-BE54-9A1E7A4F7556}") = "Prep1", "csharp-prep\Prep1\Prep1.csproj", "{70A2E379-65C1-4CF6-829B-0C2454D461B9}"
EndProject
Project("{9A19103F-16F7-4668-BE54-9A1E7A4F7556}") = "Prep2", "csharp-prep\Prep2\Prep2.csproj", "{CD25B9B0-2AC6-4B74-810D-AEBF32551597}"
EndProject
Project("{9A19103F-16F7-4668-BE54-9A1E7A4F7556}") = "Prep3", "csharp-prep\Prep3\Prep3.csproj", "{DA53C33A-BBF8-4011-B206-2023B2E5A2EC}"
EndProject
Project("{9A19103F-16F7-4668-BE54-9A1E7A4F7556}") = "Prep4", "csharp-prep\Prep4\Prep4.csproj", "{22FB4E1D-8592-4EE4-932A-E1F1E64E1625}"
EndProject
Project("{9A19103F-16F7-4668-BE54-9A1E7A4F7556}") = "Prep5", "csharp-prep\Prep5\Prep5.csproj", "{34CA6F5C-9FFA-4407-AB0E-A83D37F80791}"
EndProject
Project("{2150E333-8FDC-42A3-9474-1A3956D46DE8}") = "final", "final", "{EED1FF37-3CA9-4E22-B557-0D58EF001403}"
EndProject
Project("{9A19103F-16F7-4668-BE54-9A1E7A4F7556}") = "FinalProject", "final\FinalProject\FinalProject.csproj", "{5D7126EB-DBD1-4E3F-8EDD-154ECAF77068}"
EndProject
Project("{9A19103F-16F7-4668-BE54-9A1E7A4F7556}") = "Foundation1", "final\Foundation1\Foundation1.csproj", "{4DFA8736-87B9-4817-995D-B6D9DCA340D8}"
EndProject
Project("{9A19103F-16F7-4668-BE54-9A1E7A4F7556}") = "Foundation2", "final\Foundation2\Foundation2.csproj", "{19602284-8ACD-445B-9931-62AF05A0D91B}"
EndProject
Project("{9A19103F-16F7-4668-BE54-9A1E7A4F7556}") = "Foundation3", "final\Foundation3\Foundation3.csproj", "{C73D4EBD-0798-4CE8-9C0A-7124498B388A}"
EndProject
Project("{9A19103F-16F7-4668-BE54-9A1E7A4F7556}") = "Foundation4", "final\Foundation4\Foundation4.csproj", "{27A26358-5D4A-47CD-B967-FF2E9CF653EB}"
EndProject
Project("{2150E333-8FDC-42A3-9474-1A3956D46DE8}") = "prepare", "prepare", "{F32511C9-F06C-490A-A91D-516790A12542}"
EndProject
Project("{9A19103F-16F7-4668-BE54-9A1E7A4F7556}") = "Learning02", "prepare\Learning02\Learning02.csproj", "{5F891605-D775-403F-B1DA-AAFDF8C01786}"
EndProject
Project("{9A19103F-16F7-4668-BE54-9A1E7A4F7556}") = "Learning03", "prepare\Learning03\Learning03.csproj", "{E6C3FA3B-5B7F-4F52-B962-E52EE0A65A25}"
EndProject
Project("{9A19103F-16F7-4668-BE54-9A1E7A4F7556}") = "Learning04", "prepare\Learning04\Learning04.csproj", "{0420F91A-44D8-467F-A3B5-2F66F9BE1499}"
EndProject
Project("{9A19103F-16F7-4668-BE54-9A1E7A4F7556}") = "Learning05", "prepare\Learning05\Learning05.csproj", "{C9B490AA-EB7F-436D-AD00-76ED1C34D5AA}"
EndProject
Project("{2150E333-8FDC-42A3-9474-1A3956D46DE8}") = "prove", "prove", "{DA5F49AF-F399-42F5-9476-A75D509B77BC}"
EndProject
Project("{9A19103F-16F7-4668-BE54-9A1E7A4F7556}") = "Develop02", "prove\Develop02\Develop02.csproj", "{7B8AF9EB-E760-4B53-955E-C69165438032}"
EndProject
Project("{9A19103F-16F7-4668-BE54-9A1E7A4F7556}") = "Develop03", "prove\Develop03\Develop03.csproj", "{379BD1BE-2DD4-4D58-AE0E-530C49D32343}"
EndProject
Project("{9A19103F-16F7-4668-BE54-9A1E7A4F7556}") = "Develop04", "prove\Develop04\Develop04.csproj", "{B159BD95-6057-44C5-B445-564086BD9FD6}"
EndProject
Project("{9A19103F-16F7-4668-BE54-9A1E7A4F7556}") = "Develop05", "prove\Develop05\Develop05.csproj", "{FE1D1EC5-EAA8-4894-8E7E-E18A78C78971}"
EndProject
Project("{2150E333-8FDC-42A3-9474-1A3956D46DE8}") = "sandbox", "sandbox", "{B61638D1-978D-48A7-BA82-93C51300D6DB}"
EndProject
Project("{9A19103F-16F7-4668-BE54-9A1E7A4F7556}") = "Sandbox", "sandbox\Sandbox\Sandbox.csproj", "{C503F9C5-E1D3-4D73-B958-0A438E104DA6}"
EndProject
Global
	GlobalSection(SolutionConfigurationPlatforms) = preSolution
		Debug|Any CPU = Debug|Any CPU
		Release|Any CPU = Release|Any CPU
	EndGlobalSection
	GlobalSection(ProjectConfigurationPlatforms) = postSolution
		{70A2E379-65C1-4CF6-829B-0C2454D461B9}.Debug|Any CPU.ActiveCfg = Debug|Any CPU
		{70A2E379-65C1-4CF6-829B-0C2454D461B9}.Debug|Any CPU.Build.0 = Debug|Any CPU
		{70A2E379-65C1-4CF6-829B-0C2454D461B9}.Release|Any CPU.ActiveCfg = Release|Any CPU
		{70A2E379-65C1-4CF6-829B-0C2454D461B9}.Release|Any CPU.Build.0 = Release|Any CPU
		{CD25B9B0-2AC6-4B74-810D-AEBF32551597}.Debug|Any CPU.ActiveCfg = Debug|Any CPU
		{CD25B9B0-2AC6-4B74-810D-AEBF32551597}.Debug|Any CPU.Build.0 = Debug|Any CPU
		{CD25B9B0-2AC6-4B74-810D-AEBF32551597}.Release|Any CPU.ActiveCfg = Release|Any CPU
		{CD25B9B0-2AC6-4B74-810D-AEBF32551597}.Release|Any CPU.Build.0 = Release|Any CPU
		{DA53C33A-BBF8-4011-B206-2023B2E5A2EC}.Debug|Any CPU.ActiveCfg = Debug|Any CPU
		{DA53C33A-BBF8-4011-B206-2023B2E5A2EC}.Debug|Any CPU.Build.0 = Debug|Any CPU
		{DA53C33A-BBF8-4011-B206-2023B2E5A2EC}.Release|Any CPU.ActiveCfg = Release|Any CPU
		{DA53C33A-BBF8-4011-B206-2023B2E5A2EC}.Release|Any CPU.Build.0 = Release|Any CPU
		{22FB4E1D-8592-4EE4-932A-E1F1E64E1625}.Debug|Any CPU.ActiveCfg = Debug|Any CPU
		{22FB4E1D-8592-4EE4-932A-E1F1E64E1625}.Debug|Any CPU.Build.0 = Debug|Any CPU
		{22FB4E1D-8592-4EE4-932A-E1F1E64E1625}.Release|Any CPU.ActiveCfg = Release|Any CPU
		{22FB4E1D-8592-4EE4-932A-E1F1E64E1625}.Release|Any CPU.Build.0 = Release|Any CPU
		{34CA6F5C-9FFA-4407-AB0E-A83D37F80791}.Debug|Any CPU.ActiveCfg = Debug|Any CPU
		{34CA6F5C-9FFA-4407-AB0E-A83D37F80791}.Debug|Any CPU.Build.0 = Debug|Any CPU
		{34CA6F5C-9FFA-4407-AB0E-A83D37F80791}.Release|Any CPU.ActiveCfg = Release|Any CPU
		{34CA6F5C-9FFA-4407-AB0E-A83D37F80791}.Release|Any CPU.Build.0 = Release|Any CPU
		{5D7126EB-DBD1-4E3F-8EDD-154ECAF77068}.Debug|Any CPU.ActiveCfg = Debug|Any CPU
		{5D7126EB-DBD1-4E3F-8EDD-154ECAF77068}.Debug|Any CPU.Build.0 = Debug|Any CPU
		{5D7126EB-DBD1-4E3F-8EDD-154ECAF77068}.Release|Any CPU.ActiveCfg = Release|Any CPU
		{5D7126EB-DBD1-4E3F-8EDD-154ECAF77068}.Release|Any CPU.Build.0 = Release|Any CPU
		{4DFA8736-87B9-4817-995D-B6D9DCA340D8}.Debug|Any CPU.ActiveCfg = Debug|Any CPU
		{4DFA8736-87B9-4817-995D-B6D9DCA340D8}.Debug|Any CPU.Build.0 = Debug|Any CPU
		{4DFA8736-87B9-4817-995D-B6D9DCA340D8}.Release|Any CPU.ActiveCfg = Release|Any CPU
		{4DFA8736-87B9-4817-995D-B6D9DCA340D8}.Release|Any CPU.Build.0 = Release|Any CPU
		{19602284-8ACD-445B-9931-62AF05A0D91B}.Debug|Any CPU.ActiveCfg = Debug|Any CPU
		{19602284-8ACD-445B-9931-62AF05A0D91B}.Debug|Any CPU.Build.0 = Debug|Any CPU
		{19602284-8ACD-445B-9931-62AF05A0D91B}.Release|Any CPU.ActiveCfg = Release|Any CPU
		{19602284-8ACD-445B-9931-62AF05A0D91B}.Release|Any CPU.Build.0 = Release|Any CPU
		{C73D4EBD-0798-4CE8-9C0A-7124498B388A}.Debug|Any CPU.ActiveCfg = Debug|Any CPU
		{C73D4EBD-0798-4CE8-9C0A-7124498B388A}.Debug|Any CPU.Build.0 = Debug|Any CPU
		{C73D4EBD-0798-4CE8-9C0A-7124498B388A}.Release|Any CPU.ActiveCfg = Release|Any CPU
		{C73D4EBD-0798-4CE8-9C0A-7124498B388A}.Release|Any CPU.Build.0 = Release|Any CPU
		{27A26358-5D4A-47CD-B967-FF2E9CF653EB}.Debug|Any CPU.ActiveCfg = Debug|Any CPU
		{27A26358-5D4A-47CD-B967-FF2E9CF653EB}.Debug|Any CPU.Build.0 = Debug|Any CPU
		{27A26358-5D4A-47CD-B967-FF2E9CF653EB}.Release|Any CPU.ActiveCfg = Release|Any CPU
		{27A26358-5D4A-47CD-B967-FF2E9CF653EB}.Release|Any CPU.Build.0 = Release|Any CPU
		{5F891605-D775-403F-B1DA-AAFDF8C01786}.Debug|Any CPU.ActiveCfg = Debug|Any CPU
		{5F891605-D775-403F-B1DA-AAFDF8C01786}.Debug|Any CPU.Build.0 = Debug|Any CPU
		{5F891605-D775-403F-B1DA-AAFDF8C01786}.Release|Any CPU.ActiveCfg = Release|Any CPU
		{5F891605-D775-403F-B1DA-AAFDF8C01786}.Release|Any CPU.Build.0 = Release|Any CPU
		{E6C3FA3B-5B7F-4F52-B962-E52EE0A65A25}.Debug|Any CPU.ActiveCfg = Debug|Any CPU
		{E6C3FA3B-5B7F-4F52-B962-E52EE0A65A25}.Debug|Any CPU.Build.0 = Debug|Any CPU
		{E6C3FA3B-5B7F-4F52-B962-E52EE0A65A25}.Release|Any CPU.ActiveCfg = Release|Any CPU
		{E6C3FA3B-5B7F-4F52-B962-E52EE0A65A25}.Release|Any CPU.Build.0 = Release|Any CPU
		{0420F91A-44D8-467F-A3B5-2F66F9BE1499}.Debug|Any CPU.ActiveCfg = Debug|Any CPU
		{0420F91A-44D8-467F-A3B5-2F66F9BE1499}.Debug|Any CPU.Build.0 = Debug|Any CPU
		{0420F91A-44D8-467F-A3B5-2F66F9BE1499}.Release|Any CPU.ActiveCfg = Release|Any CPU
		{0420F91A-44D8-467F-A3B5-2F66F9BE1499}.Release|Any CPU.Build.0 = Release|Any CPU
		{C9B490AA-EB7F-436D-AD00-76ED1C34D5AA}.Debug|Any CPU.ActiveCfg = Debug|Any CPU
		{C9B490AA-EB7F-436D-AD00-76ED1C34D5AA}.Debug|Any CPU.Build.0 = Debug|Any CPU
		{C9B490AA-EB7F-436D-AD00-76ED1C34D5AA}.Release|Any CPU.ActiveCfg = Release|Any CPU
		{C9B490AA-EB7F-436D-AD00-76ED1C34D5AA}.Release|Any CPU.Build.0 = Release|Any CPU
		{7B8AF9EB-E760-4B53-955E-C69165438032}.Debug|Any CPU.ActiveCfg = Debug|Any CPU
		{7B8AF9EB-E760-4B53-955E-C69165438032}.Debug|Any CPU.Build.0 = Debug|Any CPU
		{7B8AF9EB-E760-4B53-955E-C69165438032}.Release|Any CPU.ActiveCfg = Release|Any CPU
		{7B8AF9EB-E760-4B53-955E-C69165438032}.Release|Any CPU.Build.0 = Release|Any CPU
		{379BD1BE-2DD4-4D58-AE0E-530C49D32343}.Debug|Any CPU.ActiveCfg = Debug|Any CPU
		{379BD1BE-2DD4-4D58-AE0E-530C49D32343}.Debug|Any CPU.Build.0 = Debug|Any CPU
		{379BD1BE-2DD4-4D58-AE0E-530C49D32343}.Release|Any CPU.ActiveCfg = Release|Any CPU
		{379BD1BE-2DD4-4D58-AE0E-530C49D32343}.Release|Any CPU.Build.0 = Release|Any CPU
		{B159BD95-6057-44C5-B445-564086BD9FD6}.Debug|Any CPU.ActiveCfg = Debug|Any CPU
		{B159BD95-6057-44C5-B445-564086BD9FD6}.Debug|Any CPU.Build.0 = Debug|Any CPU
		{B159BD95-6057-44C5-B445-564086BD9FD6}.Release|Any CPU.ActiveCfg = Release|Any CPU
		{B159BD95-6057-44C5-B445-564086BD9FD6}.Release|Any CPU.Build.0 = Release|Any CPU
		{FE1D1EC5-EAA8-4894-8E7E-E18A78C78971}.Debug|Any CPU.ActiveCfg = Debug|Any CPU
		{FE1D1EC5-EAA8-4894-8E7E-E18A78C78971}.Debug|Any CPU.Build.0 = Debug|Any CPU
		{FE1D1EC5-EAA8-4894-8E7E-E18A78C78971}.Release|Any CPU.ActiveCfg = Release|Any CPU
		{FE1D1EC5-EAA8-4894-8E7E-E18A78C78971}.Release|Any CPU.Build.0 = Release|Any CPU
		{C503F9C5-E1D3-4D73-B958-0A438E104DA6}.Debug|Any CPU.ActiveCfg = Debug|Any CPU
		{C503F9C5-E1D3-4D73-B958-0A438E104DA6}.Debug|Any CPU.Build.0 = Debug|Any CPU
		{C503F9C5-E1D3-4D73-B958-0A438E104DA6}.Release|Any CPU.ActiveCfg = Release|Any CPU
		{C503F9C5-E1D3-4D73-B958-0A438E104DA6}.Release|Any CPU.Build.0 = Release|Any CPU
	EndGlobalSection
	GlobalSection(SolutionProperties) = preSolution
		HideSolutionNode = FALSE
	EndGlobalSection
	GlobalSection(NestedProjects) = preSolution
		{70A2E379-65C1-4CF6-829B-0C2454D461B9} = {11243BD8-8C9C-4D7D-B136-244F301DBE14}
		{CD25B9B0-2AC6-4B74-810D-AEBF32551597} = {11243BD8-8C9C-4D7D-B136-244F301DBE14}
		{DA53C33A-BBF8-4011-B206-2023B2E5A2EC} = {11243BD8-8C9C-4D7D-B136-244F301DBE14}
		{22FB4E1D-8592-4EE4-932A-E1F1E64E1625} = {11243BD8-8C9C-4D7D-B136-244F301DBE14}
		{34CA6F5C-9FFA-4407-AB0E-A83D37F80791} = {11243BD8-8C9C-4D7D-B136-244F301DBE14}
		{5D7126EB-DBD1-4E3F-8EDD-154ECAF77068} = {EED1FF37-3CA9-4E22-B557-0D58EF001403}
		{4DFA8736-87B9-4817-995D-B6D9DCA340D8} = {EED1FF37-3CA9-4E22-B557-0D58EF001403}
		{19602284-8ACD-445B-9931-62AF05A0D91B} = {EED1FF37-3CA9-4E22-B557-0D58EF001403}
		{C73D4EBD-0798-4CE8-9C0A-7124498B388A} = {EED1FF37-3CA9-4E22-B557-0D58EF001403}
		{27A26358-5D4A-47CD-B967-FF2E9CF653EB} = {EED1FF37-3CA9-4E22-B557-0D58EF001403}
		{5F891605-D775-403F-B1DA-AAFDF8C01786} = {F32511C9-F06C-490A-A91D-516790A12542}
		{E6C3FA3B-5B7F-4F52-B962-E52EE0A65A25} = {F32511C9-F06C-490A-A91D-516790A12542}
		{0420F91A-44D8-467F-A3B5-2F66F9BE1499} = {F32511C9-F06C-490A-A91D-516790A12542}
		{C9B490AA-EB7F-436D-AD00-76ED1C34D5AA} = {F32511C9-F06C-490A-A91D-516790A12542}
		{7B8AF9EB-E760-4B53-955E-C69165438032} = {DA5F49AF-F399-42F5-9476-A75D509B77BC}
		{379BD1BE-2DD4-4D58-AE0E-530C49D32343} = {DA5F49AF-F399-42F5-9476-A75D509B77BC}
		{B159BD95-6057-44C5-B445-564086BD9FD6} = {DA5F49AF-F399-42F5-9476-A75D509B77BC}
		{FE1D1EC5-EAA8-4894-8E7E-E18A78C78971} = {DA5F49AF-F399-42F5-9476-A75D509B77BC}
		{C503F9C5-E1D3-4D73-B958-0A438E104DA6} = {B61638D1-978D-48A7-BA82-93C51300D6DB}
	EndGlobalSection
	GlobalSection(ExtensibilityGlobals) = postSolution
		SolutionGuid = {1DB1734D-D0DD-4444-878A-9927014BEFD9}
	EndGlobalSection
EndGlobal
